
Microsoft Visual Studio Solution File, Format Version 12.00
# Visual Studio 2012
Project("{FAE04EC0-301F-11D3-BF4B-00C04F79EFBC}") = "Азбука Морзе", "Азбука Морзе.csproj", "{7E183BBD-AA1F-467D-8B1B-9172D5556274}"
EndProject
Global
	GlobalSection(SolutionConfigurationPlatforms) = preSolution
		Debug|Any CPU = Debug|Any CPU
		Release|Any CPU = Release|Any CPU
	EndGlobalSection
	GlobalSection(ProjectConfigurationPlatforms) = postSolution
		{7E183BBD-AA1F-467D-8B1B-9172D5556274}.Debug|Any CPU.ActiveCfg = Debug|Any CPU
		{7E183BBD-AA1F-467D-8B1B-9172D5556274}.Debug|Any CPU.Build.0 = Debug|Any CPU
		{7E183BBD-AA1F-467D-8B1B-9172D5556274}.Release|Any CPU.ActiveCfg = Release|Any CPU
		{7E183BBD-AA1F-467D-8B1B-9172D5556274}.Release|Any CPU.Build.0 = Release|Any CPU
	EndGlobalSection
	GlobalSection(SolutionProperties) = preSolution
		HideSolutionNode = FALSE
	EndGlobalSection
EndGlobal
